
Microsoft Visual Studio Solution File, Format Version 12.00
# Visual Studio Version 17
VisualStudioVersion = 17.5.33627.172
MinimumVisualStudioVersion = 10.0.40219.1
Project("{FAE04EC0-301F-11D3-BF4B-00C04F79EFBC}") = "ProyectoSGBD", "ProyectoSGBD\ProyectoSGBD.csproj", "{D53087C3-4B4E-4B77-ACF2-BC0A6B338779}"
EndProject
Global
	GlobalSection(SolutionConfigurationPlatforms) = preSolution
		Debug|Any CPU = Debug|Any CPU
		Release|Any CPU = Release|Any CPU
	EndGlobalSection
	GlobalSection(ProjectConfigurationPlatforms) = postSolution
		{D53087C3-4B4E-4B77-ACF2-BC0A6B338779}.Debug|Any CPU.ActiveCfg = Debug|Any CPU
		{D53087C3-4B4E-4B77-ACF2-BC0A6B338779}.Debug|Any CPU.Build.0 = Debug|Any CPU
		{D53087C3-4B4E-4B77-ACF2-BC0A6B338779}.Release|Any CPU.ActiveCfg = Release|Any CPU
		{D53087C3-4B4E-4B77-ACF2-BC0A6B338779}.Release|Any CPU.Build.0 = Release|Any CPU
	EndGlobalSection
	GlobalSection(SolutionProperties) = preSolution
		HideSolutionNode = FALSE
	EndGlobalSection
	GlobalSection(ExtensibilityGlobals) = postSolution
		SolutionGuid = {C65A22FB-6238-44D0-A0EE-DD6EB2BA61F0}
	EndGlobalSection
EndGlobal
